
Microsoft Visual Studio Solution File, Format Version 12.00
# Visual Studio 15
VisualStudioVersion = 15.0.28010.2036
MinimumVisualStudioVersion = 10.0.40219.1
Project("{FAE04EC0-301F-11D3-BF4B-00C04F79EFBC}") = "(Forms)CompGraph-1(11)", "(Forms)CompGraph-1(11)\(Forms)CompGraph-1(11).csproj", "{8575E739-C809-4F6C-B544-E0FA9590625A}"
EndProject
Project("{FAE04EC0-301F-11D3-BF4B-00C04F79EFBC}") = "(Forms)SharpGL_Textures", "(Forms)SharpGL_Textures\(Forms)SharpGL_Textures.csproj", "{16121080-B9E9-4DE1-9129-1CCA027F022C}"
EndProject
Global
	GlobalSection(SolutionConfigurationPlatforms) = preSolution
		Debug|Any CPU = Debug|Any CPU
		Release|Any CPU = Release|Any CPU
	EndGlobalSection
	GlobalSection(ProjectConfigurationPlatforms) = postSolution
		{8575E739-C809-4F6C-B544-E0FA9590625A}.Debug|Any CPU.ActiveCfg = Debug|Any CPU
		{8575E739-C809-4F6C-B544-E0FA9590625A}.Debug|Any CPU.Build.0 = Debug|Any CPU
		{8575E739-C809-4F6C-B544-E0FA9590625A}.Release|Any CPU.ActiveCfg = Release|Any CPU
		{8575E739-C809-4F6C-B544-E0FA9590625A}.Release|Any CPU.Build.0 = Release|Any CPU
		{16121080-B9E9-4DE1-9129-1CCA027F022C}.Debug|Any CPU.ActiveCfg = Debug|Any CPU
		{16121080-B9E9-4DE1-9129-1CCA027F022C}.Debug|Any CPU.Build.0 = Debug|Any CPU
		{16121080-B9E9-4DE1-9129-1CCA027F022C}.Release|Any CPU.ActiveCfg = Release|Any CPU
		{16121080-B9E9-4DE1-9129-1CCA027F022C}.Release|Any CPU.Build.0 = Release|Any CPU
	EndGlobalSection
	GlobalSection(SolutionProperties) = preSolution
		HideSolutionNode = FALSE
	EndGlobalSection
	GlobalSection(ExtensibilityGlobals) = postSolution
		SolutionGuid = {FAD19C7B-7180-426E-A567-C49094DC9DF2}
	EndGlobalSection
EndGlobal
